# This file is automatically @generated by Poetry 1.4.0 and should not be changed by hand.

[[package]]
name = "appdirs"
version = "1.4.4"
description = "A small Python module for determining appropriate platform-specific dirs, e.g. a \"user data dir\"."
category = "main"
optional = false
python-versions = "*"
files = [
    {file = "appdirs-1.4.4-py2.py3-none-any.whl", hash = "sha256:a841dacd6b99318a741b166adb07e19ee71a274450e68237b4650ca1055ab128"},
    {file = "appdirs-1.4.4.tar.gz", hash = "sha256:7d5d0167b2b1ba821647616af46a749d1c653740dd0d2415100fe26e27afdf41"},
]

[[package]]
name = "autograd"
version = "1.5"
description = "Efficiently computes derivatives of numpy code."
category = "main"
optional = false
python-versions = "*"
files = [
    {file = "autograd-1.5-py3-none-any.whl", hash = "sha256:a22a17e71c4a601359d544827762dd66d5ba50b287a8444d4f85ada1ee762ef6"},
    {file = "autograd-1.5.tar.gz", hash = "sha256:d80bd225154d1db13cb4eaccf7a18c358be72092641b68717f96fcf1d16acd0b"},
]

[package.dependencies]
future = ">=0.15.2"
numpy = ">=1.12"

[[package]]
name = "autoray"
version = "0.6.3"
description = "Write backend agnostic numeric code compatible with any numpy-ish array library."
category = "main"
optional = false
python-versions = ">=3.6"
files = [
    {file = "autoray-0.6.3-py3-none-any.whl", hash = "sha256:eb2d38186f443bea5e41dc757273fda2d2a1948dc7487668a6240072be0f4e08"},
    {file = "autoray-0.6.3.tar.gz", hash = "sha256:6729f49c8787778fd8bc2a3b57a625c8c21577c6e92628cad4b13aefd7531355"},
]

[package.extras]
tests = ["coverage", "numpy", "pytest", "pytest-cov"]

[[package]]
name = "cachetools"
version = "5.3.0"
description = "Extensible memoizing collections and decorators"
category = "main"
optional = false
python-versions = "~=3.7"
files = [
    {file = "cachetools-5.3.0-py3-none-any.whl", hash = "sha256:429e1a1e845c008ea6c85aa35d4b98b65d6a9763eeef3e37e92728a12d1de9d4"},
    {file = "cachetools-5.3.0.tar.gz", hash = "sha256:13dfddc7b8df938c21a940dfa6557ce6e94a2f1cdfa58eb90c805721d58f2c14"},
]

[[package]]
name = "certifi"
version = "2022.12.7"
description = "Python package for providing Mozilla's CA Bundle."
category = "main"
optional = false
python-versions = ">=3.6"
files = [
    {file = "certifi-2022.12.7-py3-none-any.whl", hash = "sha256:4ad3232f5e926d6718ec31cfc1fcadfde020920e278684144551c91769c7bc18"},
    {file = "certifi-2022.12.7.tar.gz", hash = "sha256:35824b4c3a97115964b408844d64aa14db1cc518f6562e8d7261699d1350a9e3"},
]

[[package]]
name = "charset-normalizer"
version = "3.1.0"
description = "The Real First Universal Charset Detector. Open, modern and actively maintained alternative to Chardet."
category = "main"
optional = false
python-versions = ">=3.7.0"
files = [
    {file = "charset-normalizer-3.1.0.tar.gz", hash = "sha256:34e0a2f9c370eb95597aae63bf85eb5e96826d81e3dcf88b8886012906f509b5"},
    {file = "charset_normalizer-3.1.0-cp310-cp310-macosx_10_9_universal2.whl", hash = "sha256:e0ac8959c929593fee38da1c2b64ee9778733cdf03c482c9ff1d508b6b593b2b"},
    {file = "charset_normalizer-3.1.0-cp310-cp310-macosx_10_9_x86_64.whl", hash = "sha256:d7fc3fca01da18fbabe4625d64bb612b533533ed10045a2ac3dd194bfa656b60"},
    {file = "charset_normalizer-3.1.0-cp310-cp310-macosx_11_0_arm64.whl", hash = "sha256:04eefcee095f58eaabe6dc3cc2262f3bcd776d2c67005880894f447b3f2cb9c1"},
    {file = "charset_normalizer-3.1.0-cp310-cp310-manylinux_2_17_aarch64.manylinux2014_aarch64.whl", hash = "sha256:20064ead0717cf9a73a6d1e779b23d149b53daf971169289ed2ed43a71e8d3b0"},
    {file = "charset_normalizer-3.1.0-cp310-cp310-manylinux_2_17_ppc64le.manylinux2014_ppc64le.whl", hash = "sha256:1435ae15108b1cb6fffbcea2af3d468683b7afed0169ad718451f8db5d1aff6f"},
    {file = "charset_normalizer-3.1.0-cp310-cp310-manylinux_2_17_s390x.manylinux2014_s390x.whl", hash = "sha256:c84132a54c750fda57729d1e2599bb598f5fa0344085dbde5003ba429a4798c0"},
    {file = "charset_normalizer-3.1.0-cp310-cp310-manylinux_2_17_x86_64.manylinux2014_x86_64.whl", hash = "sha256:75f2568b4189dda1c567339b48cba4ac7384accb9c2a7ed655cd86b04055c795"},
    {file = "charset_normalizer-3.1.0-cp310-cp310-manylinux_2_5_i686.manylinux1_i686.manylinux_2_17_i686.manylinux2014_i686.whl", hash = "sha256:11d3bcb7be35e7b1bba2c23beedac81ee893ac9871d0ba79effc7fc01167db6c"},
    {file = "charset_normalizer-3.1.0-cp310-cp310-musllinux_1_1_aarch64.whl", hash = "sha256:891cf9b48776b5c61c700b55a598621fdb7b1e301a550365571e9624f270c203"},
    {file = "charset_normalizer-3.1.0-cp310-cp310-musllinux_1_1_i686.whl", hash = "sha256:5f008525e02908b20e04707a4f704cd286d94718f48bb33edddc7d7b584dddc1"},
    {file = "charset_normalizer-3.1.0-cp310-cp310-musllinux_1_1_ppc64le.whl", hash = "sha256:b06f0d3bf045158d2fb8837c5785fe9ff9b8c93358be64461a1089f5da983137"},
    {file = "charset_normalizer-3.1.0-cp310-cp310-musllinux_1_1_s390x.whl", hash = "sha256:49919f8400b5e49e961f320c735388ee686a62327e773fa5b3ce6721f7e785ce"},
    {file = "charset_normalizer-3.1.0-cp310-cp310-musllinux_1_1_x86_64.whl", hash = "sha256:22908891a380d50738e1f978667536f6c6b526a2064156203d418f4856d6e86a"},
    {file = "charset_normalizer-3.1.0-cp310-cp310-win32.whl", hash = "sha256:12d1a39aa6b8c6f6248bb54550efcc1c38ce0d8096a146638fd4738e42284448"},
    {file = "charset_normalizer-3.1.0-cp310-cp310-win_amd64.whl", hash = "sha256:65ed923f84a6844de5fd29726b888e58c62820e0769b76565480e1fdc3d062f8"},
    {file = "charset_normalizer-3.1.0-cp311-cp311-macosx_10_9_universal2.whl", hash = "sha256:9a3267620866c9d17b959a84dd0bd2d45719b817245e49371ead79ed4f710d19"},
    {file = "charset_normalizer-3.1.0-cp311-cp311-macosx_10_9_x86_64.whl", hash = "sha256:6734e606355834f13445b6adc38b53c0fd45f1a56a9ba06c2058f86893ae8017"},
    {file = "charset_normalizer-3.1.0-cp311-cp311-macosx_11_0_arm64.whl", hash = "sha256:f8303414c7b03f794347ad062c0516cee0e15f7a612abd0ce1e25caf6ceb47df"},
    {file = "charset_normalizer-3.1.0-cp311-cp311-manylinux_2_17_aarch64.manylinux2014_aarch64.whl", hash = "sha256:aaf53a6cebad0eae578f062c7d462155eada9c172bd8c4d250b8c1d8eb7f916a"},
    {file = "charset_normalizer-3.1.0-cp311-cp311-manylinux_2_17_ppc64le.manylinux2014_ppc64le.whl", hash = "sha256:3dc5b6a8ecfdc5748a7e429782598e4f17ef378e3e272eeb1340ea57c9109f41"},
    {file = "charset_normalizer-3.1.0-cp311-cp311-manylinux_2_17_s390x.manylinux2014_s390x.whl", hash = "sha256:e1b25e3ad6c909f398df8921780d6a3d120d8c09466720226fc621605b6f92b1"},
    {file = "charset_normalizer-3.1.0-cp311-cp311-manylinux_2_17_x86_64.manylinux2014_x86_64.whl", hash = "sha256:0ca564606d2caafb0abe6d1b5311c2649e8071eb241b2d64e75a0d0065107e62"},
    {file = "charset_normalizer-3.1.0-cp311-cp311-manylinux_2_5_i686.manylinux1_i686.manylinux_2_17_i686.manylinux2014_i686.whl", hash = "sha256:b82fab78e0b1329e183a65260581de4375f619167478dddab510c6c6fb04d9b6"},
    {file = "charset_normalizer-3.1.0-cp311-cp311-musllinux_1_1_aarch64.whl", hash = "sha256:bd7163182133c0c7701b25e604cf1611c0d87712e56e88e7ee5d72deab3e76b5"},
    {file = "charset_normalizer-3.1.0-cp311-cp311-musllinux_1_1_i686.whl", hash = "sha256:11d117e6c63e8f495412d37e7dc2e2fff09c34b2d09dbe2bee3c6229577818be"},
    {file = "charset_normalizer-3.1.0-cp311-cp311-musllinux_1_1_ppc64le.whl", hash = "sha256:cf6511efa4801b9b38dc5546d7547d5b5c6ef4b081c60b23e4d941d0eba9cbeb"},
    {file = "charset_normalizer-3.1.0-cp311-cp311-musllinux_1_1_s390x.whl", hash = "sha256:abc1185d79f47c0a7aaf7e2412a0eb2c03b724581139193d2d82b3ad8cbb00ac"},
    {file = "charset_normalizer-3.1.0-cp311-cp311-musllinux_1_1_x86_64.whl", hash = "sha256:cb7b2ab0188829593b9de646545175547a70d9a6e2b63bf2cd87a0a391599324"},
    {file = "charset_normalizer-3.1.0-cp311-cp311-win32.whl", hash = "sha256:c36bcbc0d5174a80d6cccf43a0ecaca44e81d25be4b7f90f0ed7bcfbb5a00909"},
    {file = "charset_normalizer-3.1.0-cp311-cp311-win_amd64.whl", hash = "sha256:cca4def576f47a09a943666b8f829606bcb17e2bc2d5911a46c8f8da45f56755"},
    {file = "charset_normalizer-3.1.0-cp37-cp37m-macosx_10_9_x86_64.whl", hash = "sha256:0c95f12b74681e9ae127728f7e5409cbbef9cd914d5896ef238cc779b8152373"},
    {file = "charset_normalizer-3.1.0-cp37-cp37m-manylinux_2_17_aarch64.manylinux2014_aarch64.whl", hash = "sha256:fca62a8301b605b954ad2e9c3666f9d97f63872aa4efcae5492baca2056b74ab"},
    {file = "charset_normalizer-3.1.0-cp37-cp37m-manylinux_2_17_ppc64le.manylinux2014_ppc64le.whl", hash = "sha256:ac0aa6cd53ab9a31d397f8303f92c42f534693528fafbdb997c82bae6e477ad9"},
    {file = "charset_normalizer-3.1.0-cp37-cp37m-manylinux_2_17_s390x.manylinux2014_s390x.whl", hash = "sha256:c3af8e0f07399d3176b179f2e2634c3ce9c1301379a6b8c9c9aeecd481da494f"},
    {file = "charset_normalizer-3.1.0-cp37-cp37m-manylinux_2_17_x86_64.manylinux2014_x86_64.whl", hash = "sha256:3a5fc78f9e3f501a1614a98f7c54d3969f3ad9bba8ba3d9b438c3bc5d047dd28"},
    {file = "charset_normalizer-3.1.0-cp37-cp37m-manylinux_2_5_i686.manylinux1_i686.manylinux_2_17_i686.manylinux2014_i686.whl", hash = "sha256:628c985afb2c7d27a4800bfb609e03985aaecb42f955049957814e0491d4006d"},
    {file = "charset_normalizer-3.1.0-cp37-cp37m-musllinux_1_1_aarch64.whl", hash = "sha256:74db0052d985cf37fa111828d0dd230776ac99c740e1a758ad99094be4f1803d"},
    {file = "charset_normalizer-3.1.0-cp37-cp37m-musllinux_1_1_i686.whl", hash = "sha256:1e8fcdd8f672a1c4fc8d0bd3a2b576b152d2a349782d1eb0f6b8e52e9954731d"},
    {file = "charset_normalizer-3.1.0-cp37-cp37m-musllinux_1_1_ppc64le.whl", hash = "sha256:04afa6387e2b282cf78ff3dbce20f0cc071c12dc8f685bd40960cc68644cfea6"},
    {file = "charset_normalizer-3.1.0-cp37-cp37m-musllinux_1_1_s390x.whl", hash = "sha256:dd5653e67b149503c68c4018bf07e42eeed6b4e956b24c00ccdf93ac79cdff84"},
    {file = "charset_normalizer-3.1.0-cp37-cp37m-musllinux_1_1_x86_64.whl", hash = "sha256:d2686f91611f9e17f4548dbf050e75b079bbc2a82be565832bc8ea9047b61c8c"},
    {file = "charset_normalizer-3.1.0-cp37-cp37m-win32.whl", hash = "sha256:4155b51ae05ed47199dc5b2a4e62abccb274cee6b01da5b895099b61b1982974"},
    {file = "charset_normalizer-3.1.0-cp37-cp37m-win_amd64.whl", hash = "sha256:322102cdf1ab682ecc7d9b1c5eed4ec59657a65e1c146a0da342b78f4112db23"},
    {file = "charset_normalizer-3.1.0-cp38-cp38-macosx_10_9_universal2.whl", hash = "sha256:e633940f28c1e913615fd624fcdd72fdba807bf53ea6925d6a588e84e1151531"},
    {file = "charset_normalizer-3.1.0-cp38-cp38-macosx_10_9_x86_64.whl", hash = "sha256:3a06f32c9634a8705f4ca9946d667609f52cf130d5548881401f1eb2c39b1e2c"},
    {file = "charset_normalizer-3.1.0-cp38-cp38-macosx_11_0_arm64.whl", hash = "sha256:7381c66e0561c5757ffe616af869b916c8b4e42b367ab29fedc98481d1e74e14"},
    {file = "charset_normalizer-3.1.0-cp38-cp38-manylinux_2_17_aarch64.manylinux2014_aarch64.whl", hash = "sha256:3573d376454d956553c356df45bb824262c397c6e26ce43e8203c4c540ee0acb"},
    {file = "charset_normalizer-3.1.0-cp38-cp38-manylinux_2_17_ppc64le.manylinux2014_ppc64le.whl", hash = "sha256:e89df2958e5159b811af9ff0f92614dabf4ff617c03a4c1c6ff53bf1c399e0e1"},
    {file = "charset_normalizer-3.1.0-cp38-cp38-manylinux_2_17_s390x.manylinux2014_s390x.whl", hash = "sha256:78cacd03e79d009d95635e7d6ff12c21eb89b894c354bd2b2ed0b4763373693b"},
    {file = "charset_normalizer-3.1.0-cp38-cp38-manylinux_2_17_x86_64.manylinux2014_x86_64.whl", hash = "sha256:de5695a6f1d8340b12a5d6d4484290ee74d61e467c39ff03b39e30df62cf83a0"},
    {file = "charset_normalizer-3.1.0-cp38-cp38-manylinux_2_5_i686.manylinux1_i686.manylinux_2_17_i686.manylinux2014_i686.whl", hash = "sha256:1c60b9c202d00052183c9be85e5eaf18a4ada0a47d188a83c8f5c5b23252f649"},
    {file = "charset_normalizer-3.1.0-cp38-cp38-musllinux_1_1_aarch64.whl", hash = "sha256:f645caaf0008bacf349875a974220f1f1da349c5dbe7c4ec93048cdc785a3326"},
    {file = "charset_normalizer-3.1.0-cp38-cp38-musllinux_1_1_i686.whl", hash = "sha256:ea9f9c6034ea2d93d9147818f17c2a0860d41b71c38b9ce4d55f21b6f9165a11"},
    {file = "charset_normalizer-3.1.0-cp38-cp38-musllinux_1_1_ppc64le.whl", hash = "sha256:80d1543d58bd3d6c271b66abf454d437a438dff01c3e62fdbcd68f2a11310d4b"},
    {file = "charset_normalizer-3.1.0-cp38-cp38-musllinux_1_1_s390x.whl", hash = "sha256:73dc03a6a7e30b7edc5b01b601e53e7fc924b04e1835e8e407c12c037e81adbd"},
    {file = "charset_normalizer-3.1.0-cp38-cp38-musllinux_1_1_x86_64.whl", hash = "sha256:6f5c2e7bc8a4bf7c426599765b1bd33217ec84023033672c1e9a8b35eaeaaaf8"},
    {file = "charset_normalizer-3.1.0-cp38-cp38-win32.whl", hash = "sha256:12a2b561af122e3d94cdb97fe6fb2bb2b82cef0cdca131646fdb940a1eda04f0"},
    {file = "charset_normalizer-3.1.0-cp38-cp38-win_amd64.whl", hash = "sha256:3160a0fd9754aab7d47f95a6b63ab355388d890163eb03b2d2b87ab0a30cfa59"},
    {file = "charset_normalizer-3.1.0-cp39-cp39-macosx_10_9_universal2.whl", hash = "sha256:38e812a197bf8e71a59fe55b757a84c1f946d0ac114acafaafaf21667a7e169e"},
    {file = "charset_normalizer-3.1.0-cp39-cp39-macosx_10_9_x86_64.whl", hash = "sha256:6baf0baf0d5d265fa7944feb9f7451cc316bfe30e8df1a61b1bb08577c554f31"},
    {file = "charset_normalizer-3.1.0-cp39-cp39-macosx_11_0_arm64.whl", hash = "sha256:8f25e17ab3039b05f762b0a55ae0b3632b2e073d9c8fc88e89aca31a6198e88f"},
    {file = "charset_normalizer-3.1.0-cp39-cp39-manylinux_2_17_aarch64.manylinux2014_aarch64.whl", hash = "sha256:3747443b6a904001473370d7810aa19c3a180ccd52a7157aacc264a5ac79265e"},
    {file = "charset_normalizer-3.1.0-cp39-cp39-manylinux_2_17_ppc64le.manylinux2014_ppc64le.whl", hash = "sha256:b116502087ce8a6b7a5f1814568ccbd0e9f6cfd99948aa59b0e241dc57cf739f"},
    {file = "charset_normalizer-3.1.0-cp39-cp39-manylinux_2_17_s390x.manylinux2014_s390x.whl", hash = "sha256:d16fd5252f883eb074ca55cb622bc0bee49b979ae4e8639fff6ca3ff44f9f854"},
    {file = "charset_normalizer-3.1.0-cp39-cp39-manylinux_2_17_x86_64.manylinux2014_x86_64.whl", hash = "sha256:21fa558996782fc226b529fdd2ed7866c2c6ec91cee82735c98a197fae39f706"},
    {file = "charset_normalizer-3.1.0-cp39-cp39-manylinux_2_5_i686.manylinux1_i686.manylinux_2_17_i686.manylinux2014_i686.whl", hash = "sha256:6f6c7a8a57e9405cad7485f4c9d3172ae486cfef1344b5ddd8e5239582d7355e"},
    {file = "charset_normalizer-3.1.0-cp39-cp39-musllinux_1_1_aarch64.whl", hash = "sha256:ac3775e3311661d4adace3697a52ac0bab17edd166087d493b52d4f4f553f9f0"},
    {file = "charset_normalizer-3.1.0-cp39-cp39-musllinux_1_1_i686.whl", hash = "sha256:10c93628d7497c81686e8e5e557aafa78f230cd9e77dd0c40032ef90c18f2230"},
    {file = "charset_normalizer-3.1.0-cp39-cp39-musllinux_1_1_ppc64le.whl", hash = "sha256:6f4f4668e1831850ebcc2fd0b1cd11721947b6dc7c00bf1c6bd3c929ae14f2c7"},
    {file = "charset_normalizer-3.1.0-cp39-cp39-musllinux_1_1_s390x.whl", hash = "sha256:0be65ccf618c1e7ac9b849c315cc2e8a8751d9cfdaa43027d4f6624bd587ab7e"},
    {file = "charset_normalizer-3.1.0-cp39-cp39-musllinux_1_1_x86_64.whl", hash = "sha256:53d0a3fa5f8af98a1e261de6a3943ca631c526635eb5817a87a59d9a57ebf48f"},
    {file = "charset_normalizer-3.1.0-cp39-cp39-win32.whl", hash = "sha256:a04f86f41a8916fe45ac5024ec477f41f886b3c435da2d4e3d2709b22ab02af1"},
    {file = "charset_normalizer-3.1.0-cp39-cp39-win_amd64.whl", hash = "sha256:830d2948a5ec37c386d3170c483063798d7879037492540f10a475e3fd6f244b"},
    {file = "charset_normalizer-3.1.0-py3-none-any.whl", hash = "sha256:3d9098b479e78c85080c98e1e35ff40b4a31d8953102bb0fd7d1b6f8a2111a3d"},
]

[[package]]
name = "future"
version = "0.18.3"
description = "Clean single-source support for Python 3 and 2"
category = "main"
optional = false
python-versions = ">=2.6, !=3.0.*, !=3.1.*, !=3.2.*"
files = [
    {file = "future-0.18.3.tar.gz", hash = "sha256:34a17436ed1e96697a86f9de3d15a3b0be01d8bc8de9c1dffd59fb8234ed5307"},
]

[[package]]
name = "idna"
version = "3.4"
description = "Internationalized Domain Names in Applications (IDNA)"
category = "main"
optional = false
python-versions = ">=3.5"
files = [
    {file = "idna-3.4-py3-none-any.whl", hash = "sha256:90b77e79eaa3eba6de819a0c442c0b4ceefc341a7a2ab77d7562bf49f425c5c2"},
    {file = "idna-3.4.tar.gz", hash = "sha256:814f528e8dead7d329833b91c5faa87d60bf71824cd12a7530b5526063d02cb4"},
]

[[package]]
name = "jax"
version = "0.4.6"
description = "Differentiate, compile, and transform Numpy code."
category = "main"
optional = false
python-versions = ">=3.8"
files = [
    {file = "jax-0.4.6.tar.gz", hash = "sha256:d06ea8fba4ed315ec55110396058cb48c8edb2ab0b412f28c8a123beee9e58ab"},
]

[package.dependencies]
numpy = ">=1.20"
opt_einsum = "*"
scipy = ">=1.5"

[package.extras]
australis = ["protobuf (>=3.13,<4)"]
ci = ["jaxlib (==0.4.4)"]
cpu = ["jaxlib (==0.4.6)"]
cuda = ["jaxlib (==0.4.6+cuda11.cudnn86)"]
cuda11-cudnn82 = ["jaxlib (==0.4.6+cuda11.cudnn82)"]
cuda11-cudnn86 = ["jaxlib (==0.4.6+cuda11.cudnn86)"]
minimum-jaxlib = ["jaxlib (==0.4.4)"]
tpu = ["jaxlib (==0.4.6)", "libtpu-nightly (==0.1.dev20230309)", "requests"]

[[package]]
name = "jaxlib"
version = "0.4.6"
description = "XLA library for JAX"
category = "main"
optional = false
python-versions = ">=3.8"
files = [
    {file = "jaxlib-0.4.6-cp310-cp310-macosx_10_14_x86_64.whl", hash = "sha256:c42ea44671f1e560d63f742c787a65744f1efd0a20bbfe177e9d3e8bd7cece92"},
    {file = "jaxlib-0.4.6-cp310-cp310-macosx_11_0_arm64.whl", hash = "sha256:1393968b0f808c1769195990f1ea138903bc4012bdffb850eecd10e113b8fca8"},
    {file = "jaxlib-0.4.6-cp310-cp310-manylinux2014_x86_64.whl", hash = "sha256:e18e3d5fd5d1aee94bd97791c7157ea7fd682f5eb8a04a8b1a3b0ed011175892"},
    {file = "jaxlib-0.4.6-cp311-cp311-macosx_10_14_x86_64.whl", hash = "sha256:f7233463e1f79b330d3a1e12629e1bbc334acf6f5be22a0af244a2ed544afdfe"},
    {file = "jaxlib-0.4.6-cp311-cp311-macosx_11_0_arm64.whl", hash = "sha256:ed2f504f0d48a1e727322aa5baae0ec0405fc5fcb5e4135bb15740978535b5e0"},
    {file = "jaxlib-0.4.6-cp311-cp311-manylinux2014_x86_64.whl", hash = "sha256:34b0b4e41e185fba36b81cf68d4979503afba4640bf29b7f6709b17b3c3c55bc"},
    {file = "jaxlib-0.4.6-cp38-cp38-macosx_10_14_x86_64.whl", hash = "sha256:2949b6b6b77f296982b42ad2c6350526baf47b0f105118a65a9e9b2093de6572"},
    {file = "jaxlib-0.4.6-cp38-cp38-macosx_11_0_arm64.whl", hash = "sha256:3be2b70104f9547a3281e5c06dfafe1be27c4927d6b62b69a55d26977cd03e15"},
    {file = "jaxlib-0.4.6-cp38-cp38-manylinux2014_x86_64.whl", hash = "sha256:554fc7300c61d76b5996145bd33a8dd19d60c49e57ad38686057d719b1d69d38"},
    {file = "jaxlib-0.4.6-cp39-cp39-macosx_10_14_x86_64.whl", hash = "sha256:cdfbff50bae46065d2fac6250260077e2c554df52252c45cb5ca949bed378b6f"},
    {file = "jaxlib-0.4.6-cp39-cp39-macosx_11_0_arm64.whl", hash = "sha256:399d83e16a35d66693b27951b87be566d91e47c7f4ac1fc5a362536a7b9c29cc"},
    {file = "jaxlib-0.4.6-cp39-cp39-manylinux2014_x86_64.whl", hash = "sha256:4079c42247db33c69f10710b6a5a570ed89d773e0e549612fadba3d06fe4773c"},
]

[package.dependencies]
numpy = ">=1.20"
scipy = ">=1.5"

[[package]]
name = "networkx"
version = "3.0"
description = "Python package for creating and manipulating graphs and networks"
category = "main"
optional = false
python-versions = ">=3.8"
files = [
    {file = "networkx-3.0-py3-none-any.whl", hash = "sha256:58058d66b1818043527244fab9d41a51fcd7dcc271748015f3c181b8a90c8e2e"},
    {file = "networkx-3.0.tar.gz", hash = "sha256:9a9992345353618ae98339c2b63d8201c381c2944f38a2ab49cb45a4c667e412"},
]

[package.extras]
default = ["matplotlib (>=3.4)", "numpy (>=1.20)", "pandas (>=1.3)", "scipy (>=1.8)"]
developer = ["mypy (>=0.991)", "pre-commit (>=2.20)"]
doc = ["nb2plots (>=0.6)", "numpydoc (>=1.5)", "pillow (>=9.2)", "pydata-sphinx-theme (>=0.11)", "sphinx (==5.2.3)", "sphinx-gallery (>=0.11)", "texext (>=0.6.7)"]
extra = ["lxml (>=4.6)", "pydot (>=1.4.2)", "pygraphviz (>=1.10)", "sympy (>=1.10)"]
test = ["codecov (>=2.1)", "pytest (>=7.2)", "pytest-cov (>=4.0)"]

[[package]]
name = "numpy"
version = "1.23.5"
description = "NumPy is the fundamental package for array computing with Python."
category = "main"
optional = false
python-versions = ">=3.8"
files = [
    {file = "numpy-1.23.5-cp310-cp310-macosx_10_9_x86_64.whl", hash = "sha256:9c88793f78fca17da0145455f0d7826bcb9f37da4764af27ac945488116efe63"},
    {file = "numpy-1.23.5-cp310-cp310-macosx_11_0_arm64.whl", hash = "sha256:e9f4c4e51567b616be64e05d517c79a8a22f3606499941d97bb76f2ca59f982d"},
    {file = "numpy-1.23.5-cp310-cp310-manylinux_2_17_aarch64.manylinux2014_aarch64.whl", hash = "sha256:7903ba8ab592b82014713c491f6c5d3a1cde5b4a3bf116404e08f5b52f6daf43"},
    {file = "numpy-1.23.5-cp310-cp310-manylinux_2_17_x86_64.manylinux2014_x86_64.whl", hash = "sha256:5e05b1c973a9f858c74367553e236f287e749465f773328c8ef31abe18f691e1"},
    {file = "numpy-1.23.5-cp310-cp310-win32.whl", hash = "sha256:522e26bbf6377e4d76403826ed689c295b0b238f46c28a7251ab94716da0b280"},
    {file = "numpy-1.23.5-cp310-cp310-win_amd64.whl", hash = "sha256:dbee87b469018961d1ad79b1a5d50c0ae850000b639bcb1b694e9981083243b6"},
    {file = "numpy-1.23.5-cp311-cp311-macosx_10_9_x86_64.whl", hash = "sha256:ce571367b6dfe60af04e04a1834ca2dc5f46004ac1cc756fb95319f64c095a96"},
    {file = "numpy-1.23.5-cp311-cp311-macosx_11_0_arm64.whl", hash = "sha256:56e454c7833e94ec9769fa0f86e6ff8e42ee38ce0ce1fa4cbb747ea7e06d56aa"},
    {file = "numpy-1.23.5-cp311-cp311-manylinux_2_17_aarch64.manylinux2014_aarch64.whl", hash = "sha256:5039f55555e1eab31124a5768898c9e22c25a65c1e0037f4d7c495a45778c9f2"},
    {file = "numpy-1.23.5-cp311-cp311-manylinux_2_17_x86_64.manylinux2014_x86_64.whl", hash = "sha256:58f545efd1108e647604a1b5aa809591ccd2540f468a880bedb97247e72db387"},
    {file = "numpy-1.23.5-cp311-cp311-win32.whl", hash = "sha256:b2a9ab7c279c91974f756c84c365a669a887efa287365a8e2c418f8b3ba73fb0"},
    {file = "numpy-1.23.5-cp311-cp311-win_amd64.whl", hash = "sha256:0cbe9848fad08baf71de1a39e12d1b6310f1d5b2d0ea4de051058e6e1076852d"},
    {file = "numpy-1.23.5-cp38-cp38-macosx_10_9_x86_64.whl", hash = "sha256:f063b69b090c9d918f9df0a12116029e274daf0181df392839661c4c7ec9018a"},
    {file = "numpy-1.23.5-cp38-cp38-macosx_11_0_arm64.whl", hash = "sha256:0aaee12d8883552fadfc41e96b4c82ee7d794949e2a7c3b3a7201e968c7ecab9"},
    {file = "numpy-1.23.5-cp38-cp38-manylinux_2_17_aarch64.manylinux2014_aarch64.whl", hash = "sha256:92c8c1e89a1f5028a4c6d9e3ccbe311b6ba53694811269b992c0b224269e2398"},
    {file = "numpy-1.23.5-cp38-cp38-manylinux_2_17_x86_64.manylinux2014_x86_64.whl", hash = "sha256:d208a0f8729f3fb790ed18a003f3a57895b989b40ea4dce4717e9cf4af62c6bb"},
    {file = "numpy-1.23.5-cp38-cp38-win32.whl", hash = "sha256:06005a2ef6014e9956c09ba07654f9837d9e26696a0470e42beedadb78c11b07"},
    {file = "numpy-1.23.5-cp38-cp38-win_amd64.whl", hash = "sha256:ca51fcfcc5f9354c45f400059e88bc09215fb71a48d3768fb80e357f3b457e1e"},
    {file = "numpy-1.23.5-cp39-cp39-macosx_10_9_x86_64.whl", hash = "sha256:8969bfd28e85c81f3f94eb4a66bc2cf1dbdc5c18efc320af34bffc54d6b1e38f"},
    {file = "numpy-1.23.5-cp39-cp39-macosx_11_0_arm64.whl", hash = "sha256:a7ac231a08bb37f852849bbb387a20a57574a97cfc7b6cabb488a4fc8be176de"},
    {file = "numpy-1.23.5-cp39-cp39-manylinux_2_17_aarch64.manylinux2014_aarch64.whl", hash = "sha256:bf837dc63ba5c06dc8797c398db1e223a466c7ece27a1f7b5232ba3466aafe3d"},
    {file = "numpy-1.23.5-cp39-cp39-manylinux_2_17_x86_64.manylinux2014_x86_64.whl", hash = "sha256:33161613d2269025873025b33e879825ec7b1d831317e68f4f2f0f84ed14c719"},
    {file = "numpy-1.23.5-cp39-cp39-win32.whl", hash = "sha256:af1da88f6bc3d2338ebbf0e22fe487821ea4d8e89053e25fa59d1d79786e7481"},
    {file = "numpy-1.23.5-cp39-cp39-win_amd64.whl", hash = "sha256:09b7847f7e83ca37c6e627682f145856de331049013853f344f37b0c9690e3df"},
    {file = "numpy-1.23.5-pp38-pypy38_pp73-macosx_10_9_x86_64.whl", hash = "sha256:abdde9f795cf292fb9651ed48185503a2ff29be87770c3b8e2a14b0cd7aa16f8"},
    {file = "numpy-1.23.5-pp38-pypy38_pp73-manylinux_2_17_x86_64.manylinux2014_x86_64.whl", hash = "sha256:f9a909a8bae284d46bbfdefbdd4a262ba19d3bc9921b1e76126b1d21c3c34135"},
    {file = "numpy-1.23.5-pp38-pypy38_pp73-win_amd64.whl", hash = "sha256:01dd17cbb340bf0fc23981e52e1d18a9d4050792e8fb8363cecbf066a84b827d"},
    {file = "numpy-1.23.5.tar.gz", hash = "sha256:1b1766d6f397c18153d40015ddfc79ddb715cabadc04d2d228d4e5a8bc4ded1a"},
]

[[package]]
name = "opt-einsum"
version = "3.3.0"
description = "Optimizing numpys einsum function"
category = "main"
optional = false
python-versions = ">=3.5"
files = [
    {file = "opt_einsum-3.3.0-py3-none-any.whl", hash = "sha256:2455e59e3947d3c275477df7f5205b30635e266fe6dc300e3d9f9646bfcea147"},
    {file = "opt_einsum-3.3.0.tar.gz", hash = "sha256:59f6475f77bbc37dcf7cd748519c0ec60722e91e63ca114e68821c0c54a46549"},
]

[package.dependencies]
numpy = ">=1.7"

[package.extras]
docs = ["numpydoc", "sphinx (==1.2.3)", "sphinx-rtd-theme", "sphinxcontrib-napoleon"]
tests = ["pytest", "pytest-cov", "pytest-pep8"]

[[package]]
name = "pennylane"
version = "0.29.1"
description = "PennyLane is a Python quantum machine learning library by Xanadu Inc."
category = "main"
optional = false
python-versions = "*"
files = [
    {file = "PennyLane-0.29.1-py3-none-any.whl", hash = "sha256:d6feac06958a8a324745e8094c4535a30a97f64e9befca039edb559d7e78e036"},
    {file = "PennyLane-0.29.1.tar.gz", hash = "sha256:c5d662994b741afa69e4fdadc79a1b75840275138a8b7e0cfc5fd64b66a12eef"},
]

[package.dependencies]
appdirs = "*"
autograd = "*"
autoray = ">=0.3.1"
cachetools = "*"
networkx = "*"
numpy = "<1.24"
pennylane-lightning = ">=0.28"
requests = "*"
retworkx = "*"
scipy = "*"
semantic-version = ">=2.7"
toml = "*"

[package.extras]
kernels = ["cvxopt", "cvxpy"]

[[package]]
name = "pennylane-lightning"
version = "0.29.0"
description = "PennyLane-Lightning plugin"
category = "main"
optional = false
python-versions = "*"
files = [
    {file = "PennyLane-Lightning-0.29.0.tar.gz", hash = "sha256:d9cb0886f78c71923b6be2e0001ed368763af565f82e8fa529e3fe80425344cb"},
    {file = "PennyLane_Lightning-0.29.0-cp310-cp310-macosx_10_15_x86_64.whl", hash = "sha256:ec0b38dcbedf1c53afc0642899b6164180794dbd1299b37d73920a387db54790"},
    {file = "PennyLane_Lightning-0.29.0-cp310-cp310-macosx_11_0_arm64.whl", hash = "sha256:b1585210d896fdd2f98ee6a1c9753f76998123973cbd5084fbbe7a6c5181f752"},
    {file = "PennyLane_Lightning-0.29.0-cp310-cp310-manylinux_2_17_aarch64.manylinux2014_aarch64.whl", hash = "sha256:57e66d0b6388f5d4718704a9a9eec0ddbc17627bd44131cade4c2d7167f58511"},
    {file = "PennyLane_Lightning-0.29.0-cp310-cp310-manylinux_2_17_ppc64le.manylinux2014_ppc64le.whl", hash = "sha256:e744f88f17700cc345321add3299d2d9e20f75715caa7c914c093ff22a42338f"},
    {file = "PennyLane_Lightning-0.29.0-cp310-cp310-manylinux_2_17_x86_64.manylinux2014_x86_64.whl", hash = "sha256:5dbe7bdd1d9daad2eca0e1757251d21cac770ddcca779930c209251f0bfca767"},
    {file = "PennyLane_Lightning-0.29.0-cp310-cp310-win_amd64.whl", hash = "sha256:bbdef3f66508513d7b5f0cd6e88f86066aaabdf47517145ac837dc16e96fd55a"},
    {file = "PennyLane_Lightning-0.29.0-cp311-cp311-macosx_10_15_x86_64.whl", hash = "sha256:e8c93125fc0b401f7f2c8ee479f71df700e229b7175e2f13eab06e0f533136ae"},
    {file = "PennyLane_Lightning-0.29.0-cp311-cp311-macosx_11_0_arm64.whl", hash = "sha256:729358cfabb448511a214eb5134ffab88995c92dd1bfbcfea4ca7d4162543df7"},
    {file = "PennyLane_Lightning-0.29.0-cp311-cp311-manylinux_2_17_aarch64.manylinux2014_aarch64.whl", hash = "sha256:10e3bfa5cce97ad60945696de5851138ec5441e58a74dcdd963766bad7de1563"},
    {file = "PennyLane_Lightning-0.29.0-cp311-cp311-manylinux_2_17_ppc64le.manylinux2014_ppc64le.whl", hash = "sha256:8a06b568c375568367f588a9702e035a0ddf69b28833fb43cf996239d51bf379"},
    {file = "PennyLane_Lightning-0.29.0-cp311-cp311-manylinux_2_17_x86_64.manylinux2014_x86_64.whl", hash = "sha256:306293d041e170d2dad13bbbd30dd47d0f6990464b33d5509d93ba5b8bdebc0c"},
    {file = "PennyLane_Lightning-0.29.0-cp311-cp311-win_amd64.whl", hash = "sha256:e757e49e6b6cec08e0f1d93500e1989ed61f72c69c972c74acd919af34bd87e1"},
    {file = "PennyLane_Lightning-0.29.0-cp38-cp38-macosx_10_15_x86_64.whl", hash = "sha256:a5040b89ed1a719cc5a1aef44aec853e34f5d499d1c869020050609c150bf088"},
    {file = "PennyLane_Lightning-0.29.0-cp38-cp38-macosx_11_0_arm64.whl", hash = "sha256:6de7b0c6d45e58bf452996aabe5698b68e1cc91a9f4b67afed5b8b03b6835b2e"},
    {file = "PennyLane_Lightning-0.29.0-cp38-cp38-manylinux_2_17_aarch64.manylinux2014_aarch64.whl", hash = "sha256:a7f373eb60d70430f95dd1c8ed69c03ab25d943c9baa9f0c90148df27d4f1059"},
    {file = "PennyLane_Lightning-0.29.0-cp38-cp38-manylinux_2_17_ppc64le.manylinux2014_ppc64le.whl", hash = "sha256:70f065513f9bb51aad171e15f46e13cb74e7e74939061ee2346d2c2956762885"},
    {file = "PennyLane_Lightning-0.29.0-cp38-cp38-manylinux_2_17_x86_64.manylinux2014_x86_64.whl", hash = "sha256:7111aebcbfa2769bd8ecfc54a32c0f76222f0c04fd7ce503cab72ef99cf6550d"},
    {file = "PennyLane_Lightning-0.29.0-cp38-cp38-win_amd64.whl", hash = "sha256:ea9918898118802b823c8513941d202bfde5d26d63affc89cf1e95a61ef23e05"},
    {file = "PennyLane_Lightning-0.29.0-cp39-cp39-macosx_10_15_x86_64.whl", hash = "sha256:d0238a35224d69b387c72e9c9a8acdb5f65a668446fa4978ad910bb30ca54e64"},
    {file = "PennyLane_Lightning-0.29.0-cp39-cp39-macosx_11_0_arm64.whl", hash = "sha256:243bd6036f407cf91c46e6a2dfa955e8d1da330ca649cede08b694e5d9bda755"},
    {file = "PennyLane_Lightning-0.29.0-cp39-cp39-manylinux_2_17_aarch64.manylinux2014_aarch64.whl", hash = "sha256:b14b823766db4cebaff398d8a73969d5de1809bb54a8472978c25fa08ecb236a"},
    {file = "PennyLane_Lightning-0.29.0-cp39-cp39-manylinux_2_17_ppc64le.manylinux2014_ppc64le.whl", hash = "sha256:7f7105b5e3e92fbeee29c0d07cfcc0144f03c1b60f21946f320f4f57a62ec74d"},
    {file = "PennyLane_Lightning-0.29.0-cp39-cp39-manylinux_2_17_x86_64.manylinux2014_x86_64.whl", hash = "sha256:557b0a7b034cb27b66073d56b8cd04324f04f6c9f066368731745eb4c60874c7"},
    {file = "PennyLane_Lightning-0.29.0-cp39-cp39-win_amd64.whl", hash = "sha256:879c14570cdd181043ec0673626f455476617611cabaab877e9b7f3f29ba0402"},
    {file = "PennyLane_Lightning-0.29.0-py3-none-any.whl", hash = "sha256:ae7195ea97d5b15197662d4896a7d77e155084bdb9ee74f146ad522f03121810"},
]

[package.dependencies]
pennylane = ">=0.28"

[package.extras]
gpu = ["pennylane-lightning-gpu"]

[[package]]
name = "requests"
version = "2.28.2"
description = "Python HTTP for Humans."
category = "main"
optional = false
python-versions = ">=3.7, <4"
files = [
    {file = "requests-2.28.2-py3-none-any.whl", hash = "sha256:64299f4909223da747622c030b781c0d7811e359c37124b4bd368fb8c6518baa"},
    {file = "requests-2.28.2.tar.gz", hash = "sha256:98b1b2782e3c6c4904938b84c0eb932721069dfdb9134313beff7c83c2df24bf"},
]

[package.dependencies]
certifi = ">=2017.4.17"
charset-normalizer = ">=2,<4"
idna = ">=2.5,<4"
urllib3 = ">=1.21.1,<1.27"

[package.extras]
socks = ["PySocks (>=1.5.6,!=1.5.7)"]
use-chardet-on-py3 = ["chardet (>=3.0.2,<6)"]

[[package]]
name = "retworkx"
version = "0.12.1"
description = "A python graph library implemented in Rust"
category = "main"
optional = false
python-versions = ">=3.7"
files = [
    {file = "retworkx-0.12.1-py3-none-any.whl", hash = "sha256:b8f9b9953fcb1569154dc06383b213e5e2e2fd18ad5e5aa932341106101d1010"},
]

[package.dependencies]
numpy = ">=1.16.0"
rustworkx = "0.12.1"

[package.extras]
all = ["matplotlib (>=3.0)", "pillow (>=5.4)"]
graphviz = ["pillow (>=5.4)"]
mpl = ["matplotlib (>=3.0)"]

[[package]]
name = "rustworkx"
version = "0.12.1"
description = "A python graph library implemented in Rust"
category = "main"
optional = false
python-versions = ">=3.7"
files = [
    {file = "rustworkx-0.12.1-cp310-cp310-macosx_10_9_universal2.whl", hash = "sha256:7eeae40cd3ed014badee6a47569aaaea66b872a2927bb9e76a11a2f8a690b694"},
    {file = "rustworkx-0.12.1-cp310-cp310-macosx_10_9_x86_64.whl", hash = "sha256:25689ec33a880c397f99cf7374d16be97a086a8c13675c20e53c076d05fdba0d"},
    {file = "rustworkx-0.12.1-cp310-cp310-macosx_11_0_arm64.whl", hash = "sha256:f833c688556c7116704097388240da876d6a689b6e4cd9c71da8091ba0fcfcc5"},
    {file = "rustworkx-0.12.1-cp310-cp310-manylinux_2_12_i686.manylinux2010_i686.manylinux_2_17_i686.manylinux2014_i686.whl", hash = "sha256:488737db74c3999b3ad668eee1f6f033fa81be18f7138e027ecf019adf8de15b"},
    {file = "rustworkx-0.12.1-cp310-cp310-manylinux_2_17_aarch64.manylinux2014_aarch64.whl", hash = "sha256:c7221280b6f47acacd12d140a2fc8e0a0b11a99c0802804cae5aee437327da92"},
    {file = "rustworkx-0.12.1-cp310-cp310-manylinux_2_17_ppc64le.manylinux2014_ppc64le.whl", hash = "sha256:4673b613fa192750ba938274a4175391df9cd6f5476039312ffba35c5783cb27"},
    {file = "rustworkx-0.12.1-cp310-cp310-manylinux_2_17_s390x.manylinux2014_s390x.whl", hash = "sha256:0cdec3526deac855957bd2431beddf2fb2fcb8c2a915c630c78b39b198ea946a"},
    {file = "rustworkx-0.12.1-cp310-cp310-manylinux_2_17_x86_64.manylinux2014_x86_64.whl", hash = "sha256:42c84a8c923f8a1f68347999381cde549dbe81f4212896fab5942898045e6ad3"},
    {file = "rustworkx-0.12.1-cp310-cp310-win32.whl", hash = "sha256:ef49f00c09bbe0caf1fbf41ccefe34e8dc7a1835ec2632203d8a91577009222f"},
    {file = "rustworkx-0.12.1-cp310-cp310-win_amd64.whl", hash = "sha256:2e05efd04a5e615bd5479e627743921ab562818e54f7269b25c57d50d2c41fdb"},
    {file = "rustworkx-0.12.1-cp311-cp311-macosx_10_9_universal2.whl", hash = "sha256:346543e11668cca0723616ea6b3de77573b468a0c73095baf693ebbed90d8994"},
    {file = "rustworkx-0.12.1-cp311-cp311-macosx_10_9_x86_64.whl", hash = "sha256:b379e638d043aa7c0b70d5125f1f8eab85c44ec506a152b4948f8de1f83a0387"},
    {file = "rustworkx-0.12.1-cp311-cp311-macosx_11_0_arm64.whl", hash = "sha256:96e44ba57e23becd8bcee0aecc23a6761d3a78e0b0c35ab65d7fd9d439198180"},
    {file = "rustworkx-0.12.1-cp311-cp311-manylinux_2_12_i686.manylinux2010_i686.manylinux_2_17_i686.manylinux2014_i686.whl", hash = "sha256:abab0e57eea912e0c39af90cb1a7afb52213f100657461580c5059b7cd96da17"},
    {file = "rustworkx-0.12.1-cp311-cp311-manylinux_2_17_aarch64.manylinux2014_aarch64.whl", hash = "sha256:375eb1bea1e739eb4744e51302c934f4fb0d75e1868fba4b0e37acbf5c0666ce"},
    {file = "rustworkx-0.12.1-cp311-cp311-manylinux_2_17_ppc64le.manylinux2014_ppc64le.whl", hash = "sha256:aa4a32664384aead1cdb67fb7478478410892c8e40c5d92b02c11e2989102ff0"},
    {file = "rustworkx-0.12.1-cp311-cp311-manylinux_2_17_s390x.manylinux2014_s390x.whl", hash = "sha256:42a9da09ea30c372b00e79e10b5adc06535cf405f857355271a2bd68872ac434"},
    {file = "rustworkx-0.12.1-cp311-cp311-manylinux_2_17_x86_64.manylinux2014_x86_64.whl", hash = "sha256:c95f0163bb979f37f8645f16315030fb02a089cd26c61f24598be671d6e69c32"},
    {file = "rustworkx-0.12.1-cp311-cp311-win32.whl", hash = "sha256:9e42953124a41ea34be3e2bc8a489e30c3d2536be062f486838a0650ab43475b"},
    {file = "rustworkx-0.12.1-cp311-cp311-win_amd64.whl", hash = "sha256:0f71bbb063a76f4731210207fa1bda0c7f4b5c7e53ec5f9b59b3569c1962d8e0"},
    {file = "rustworkx-0.12.1-cp37-cp37m-macosx_10_9_x86_64.whl", hash = "sha256:9800a8aa630b7a0f78ddaaefd6844d2e9e67fb0776d751c8b2e4ddecffd499d6"},
    {file = "rustworkx-0.12.1-cp37-cp37m-manylinux_2_12_i686.manylinux2010_i686.manylinux_2_17_i686.manylinux2014_i686.whl", hash = "sha256:87124022aa80d0a05d84deddbd725067952ff912ea5dc45e1e04cb57f696efca"},
    {file = "rustworkx-0.12.1-cp37-cp37m-manylinux_2_17_aarch64.manylinux2014_aarch64.whl", hash = "sha256:3b9bbb9219ad2e00a5b328cb5ce49a107c1a919435447e7a7a6a9f9466693e40"},
    {file = "rustworkx-0.12.1-cp37-cp37m-manylinux_2_17_ppc64le.manylinux2014_ppc64le.whl", hash = "sha256:70d2b41afda256911d4853ac2414fde05d5166dbabdece1f42d95f6aab893281"},
    {file = "rustworkx-0.12.1-cp37-cp37m-manylinux_2_17_s390x.manylinux2014_s390x.whl", hash = "sha256:abea9c1627275633a99a3945d10f3cd9b0389dfe36be23486faaffaf4db9c0cd"},
    {file = "rustworkx-0.12.1-cp37-cp37m-manylinux_2_17_x86_64.manylinux2014_x86_64.whl", hash = "sha256:c11deea83a178df19cdfd6a4e2981d52b0b6a393e2168a494866d934ff430022"},
    {file = "rustworkx-0.12.1-cp37-cp37m-win32.whl", hash = "sha256:2e1c0a43182a61df84964b9673c15b3b2b636db01f5bd4ae8752e646bed9f28b"},
    {file = "rustworkx-0.12.1-cp37-cp37m-win_amd64.whl", hash = "sha256:126e14ae1245ad97bdaf932578e84e9fda9851733590dd2ad8f4f6b16a8610d3"},
    {file = "rustworkx-0.12.1-cp38-cp38-macosx_10_9_universal2.whl", hash = "sha256:d994e78b203bc406a026a9c20b2bec77d1990fb1384843a8f84e750160e790e4"},
    {file = "rustworkx-0.12.1-cp38-cp38-macosx_10_9_x86_64.whl", hash = "sha256:95d683cc9adf7c0c39b2c46ec087d69a42669a4e63a701ca77b9bd9a52ab1400"},
    {file = "rustworkx-0.12.1-cp38-cp38-macosx_11_0_arm64.whl", hash = "sha256:dbcff417c4d03757373a6409d0677a6c1cc384d04f897792f353ee17ce1e09aa"},
    {file = "rustworkx-0.12.1-cp38-cp38-manylinux_2_12_i686.manylinux2010_i686.manylinux_2_17_i686.manylinux2014_i686.whl", hash = "sha256:28fc8a400ad3e2b187b1c354c1cdfee7f9e00fec9c527291b622334d426a3694"},
    {file = "rustworkx-0.12.1-cp38-cp38-manylinux_2_17_aarch64.manylinux2014_aarch64.whl", hash = "sha256:4a1f34b14c6e0021a6ed427450e776e7cd16412b57655f99cbf6b09d5092b581"},
    {file = "rustworkx-0.12.1-cp38-cp38-manylinux_2_17_ppc64le.manylinux2014_ppc64le.whl", hash = "sha256:6d9e77eef49df6b4d692d8ddb69eedfd0e2315a5b477e5b8a65d86f4d37adcd2"},
    {file = "rustworkx-0.12.1-cp38-cp38-manylinux_2_17_s390x.manylinux2014_s390x.whl", hash = "sha256:4f84f0eca04c7863be96dbe2b642ef139e94064ef537eb3777bfe9a96a4385f9"},
    {file = "rustworkx-0.12.1-cp38-cp38-manylinux_2_17_x86_64.manylinux2014_x86_64.whl", hash = "sha256:031f719d05af218765ed377c54811b11567e1b1e106a670b30179992ea89f2d7"},
    {file = "rustworkx-0.12.1-cp38-cp38-win32.whl", hash = "sha256:96a269fa36e78807987ab632bb34c9a475791478a17d3bd795121a1648fcc8d6"},
    {file = "rustworkx-0.12.1-cp38-cp38-win_amd64.whl", hash = "sha256:73fb53bac355e03d455ad2454a21eb47b16d6381ad2c2cb9da534b48c4c64122"},
    {file = "rustworkx-0.12.1-cp39-cp39-macosx_10_9_universal2.whl", hash = "sha256:f6803281bcf8c56c91e69ef7ee62c76af8a8e757ad98c5de8b48281702c75e2f"},
    {file = "rustworkx-0.12.1-cp39-cp39-macosx_10_9_x86_64.whl", hash = "sha256:bc282fbd95938ae3305489c48a3dceb9a4354ca3bcb691578e9bd07c25d5ea27"},
    {file = "rustworkx-0.12.1-cp39-cp39-macosx_11_0_arm64.whl", hash = "sha256:288ff3a44708afaafc46c6d0c9435a13d02bf6dad32b3d07207ce0f55881e5cd"},
    {file = "rustworkx-0.12.1-cp39-cp39-manylinux_2_12_i686.manylinux2010_i686.manylinux_2_17_i686.manylinux2014_i686.whl", hash = "sha256:b3efa381d4329ced0f6ec890b70d520d7047057baea2d793266aee0366607bbe"},
    {file = "rustworkx-0.12.1-cp39-cp39-manylinux_2_17_aarch64.manylinux2014_aarch64.whl", hash = "sha256:b220516158411ec16614b662d701960a0740e947c39b2b9f205a70e3e7899665"},
    {file = "rustworkx-0.12.1-cp39-cp39-manylinux_2_17_ppc64le.manylinux2014_ppc64le.whl", hash = "sha256:94c02dcd5d4f05220bf1721a9c531b7f6203497ea24934c49d82dfdeac6a22ba"},
    {file = "rustworkx-0.12.1-cp39-cp39-manylinux_2_17_s390x.manylinux2014_s390x.whl", hash = "sha256:0d2442fa5a64e8c2c74f43b8f8713964f0d6760c2cd96b8accd28636cc222786"},
    {file = "rustworkx-0.12.1-cp39-cp39-manylinux_2_17_x86_64.manylinux2014_x86_64.whl", hash = "sha256:29723a1cca360a1ad968d7b0bef8f639ab7d4af201c4d3fec019bee0ea11e329"},
    {file = "rustworkx-0.12.1-cp39-cp39-win32.whl", hash = "sha256:25c9c616ff9d1e8112d17cdf83442f862ed6dd94f8a60037378b41bea29041ee"},
    {file = "rustworkx-0.12.1-cp39-cp39-win_amd64.whl", hash = "sha256:dd64db8680c159ce7f69991560fca559a1c8d21282f479aab9595451ac33d0ff"},
    {file = "rustworkx-0.12.1.tar.gz", hash = "sha256:13a19a2f64dff086b3bffffb294c4630100ecbc13634b4995d9d36a481ae130e"},
]

[package.dependencies]
numpy = ">=1.16.0"

[package.extras]
all = ["matplotlib (>=3.0)", "pillow (>=5.4)"]
graphviz = ["pillow (>=5.4)"]
mpl = ["matplotlib (>=3.0)"]

[[package]]
name = "scipy"
version = "1.9.3"
description = "Fundamental algorithms for scientific computing in Python"
category = "main"
optional = false
python-versions = ">=3.8"
files = [
    {file = "scipy-1.9.3-cp310-cp310-macosx_10_9_x86_64.whl", hash = "sha256:1884b66a54887e21addf9c16fb588720a8309a57b2e258ae1c7986d4444d3bc0"},
    {file = "scipy-1.9.3-cp310-cp310-macosx_12_0_arm64.whl", hash = "sha256:83b89e9586c62e787f5012e8475fbb12185bafb996a03257e9675cd73d3736dd"},
    {file = "scipy-1.9.3-cp310-cp310-manylinux_2_17_aarch64.manylinux2014_aarch64.whl", hash = "sha256:1a72d885fa44247f92743fc20732ae55564ff2a519e8302fb7e18717c5355a8b"},
    {file = "scipy-1.9.3-cp310-cp310-manylinux_2_17_x86_64.manylinux2014_x86_64.whl", hash = "sha256:d01e1dd7b15bd2449c8bfc6b7cc67d630700ed655654f0dfcf121600bad205c9"},
    {file = "scipy-1.9.3-cp310-cp310-win_amd64.whl", hash = "sha256:68239b6aa6f9c593da8be1509a05cb7f9efe98b80f43a5861cd24c7557e98523"},
    {file = "scipy-1.9.3-cp311-cp311-macosx_10_9_x86_64.whl", hash = "sha256:b41bc822679ad1c9a5f023bc93f6d0543129ca0f37c1ce294dd9d386f0a21096"},
    {file = "scipy-1.9.3-cp311-cp311-macosx_12_0_arm64.whl", hash = "sha256:90453d2b93ea82a9f434e4e1cba043e779ff67b92f7a0e85d05d286a3625df3c"},
    {file = "scipy-1.9.3-cp311-cp311-manylinux_2_17_aarch64.manylinux2014_aarch64.whl", hash = "sha256:83c06e62a390a9167da60bedd4575a14c1f58ca9dfde59830fc42e5197283dab"},
    {file = "scipy-1.9.3-cp311-cp311-manylinux_2_17_x86_64.manylinux2014_x86_64.whl", hash = "sha256:abaf921531b5aeaafced90157db505e10345e45038c39e5d9b6c7922d68085cb"},
    {file = "scipy-1.9.3-cp311-cp311-win_amd64.whl", hash = "sha256:06d2e1b4c491dc7d8eacea139a1b0b295f74e1a1a0f704c375028f8320d16e31"},
    {file = "scipy-1.9.3-cp38-cp38-macosx_10_9_x86_64.whl", hash = "sha256:5a04cd7d0d3eff6ea4719371cbc44df31411862b9646db617c99718ff68d4840"},
    {file = "scipy-1.9.3-cp38-cp38-macosx_12_0_arm64.whl", hash = "sha256:545c83ffb518094d8c9d83cce216c0c32f8c04aaf28b92cc8283eda0685162d5"},
    {file = "scipy-1.9.3-cp38-cp38-manylinux_2_17_aarch64.manylinux2014_aarch64.whl", hash = "sha256:0d54222d7a3ba6022fdf5773931b5d7c56efe41ede7f7128c7b1637700409108"},
    {file = "scipy-1.9.3-cp38-cp38-manylinux_2_17_x86_64.manylinux2014_x86_64.whl", hash = "sha256:cff3a5295234037e39500d35316a4c5794739433528310e117b8a9a0c76d20fc"},
    {file = "scipy-1.9.3-cp38-cp38-win_amd64.whl", hash = "sha256:2318bef588acc7a574f5bfdff9c172d0b1bf2c8143d9582e05f878e580a3781e"},
    {file = "scipy-1.9.3-cp39-cp39-macosx_10_9_x86_64.whl", hash = "sha256:d644a64e174c16cb4b2e41dfea6af722053e83d066da7343f333a54dae9bc31c"},
    {file = "scipy-1.9.3-cp39-cp39-macosx_12_0_arm64.whl", hash = "sha256:da8245491d73ed0a994ed9c2e380fd058ce2fa8a18da204681f2fe1f57f98f95"},
    {file = "scipy-1.9.3-cp39-cp39-manylinux_2_17_aarch64.manylinux2014_aarch64.whl", hash = "sha256:4db5b30849606a95dcf519763dd3ab6fe9bd91df49eba517359e450a7d80ce2e"},
    {file = "scipy-1.9.3-cp39-cp39-manylinux_2_17_x86_64.manylinux2014_x86_64.whl", hash = "sha256:c68db6b290cbd4049012990d7fe71a2abd9ffbe82c0056ebe0f01df8be5436b0"},
    {file = "scipy-1.9.3-cp39-cp39-win_amd64.whl", hash = "sha256:5b88e6d91ad9d59478fafe92a7c757d00c59e3bdc3331be8ada76a4f8d683f58"},
    {file = "scipy-1.9.3.tar.gz", hash = "sha256:fbc5c05c85c1a02be77b1ff591087c83bc44579c6d2bd9fb798bb64ea5e1a027"},
]

[package.dependencies]
numpy = ">=1.18.5,<1.26.0"

[package.extras]
dev = ["flake8", "mypy", "pycodestyle", "typing_extensions"]
doc = ["matplotlib (>2)", "numpydoc", "pydata-sphinx-theme (==0.9.0)", "sphinx (!=4.1.0)", "sphinx-panels (>=0.5.2)", "sphinx-tabs"]
test = ["asv", "gmpy2", "mpmath", "pytest", "pytest-cov", "pytest-xdist", "scikit-umfpack", "threadpoolctl"]

[[package]]
name = "semantic-version"
version = "2.10.0"
description = "A library implementing the 'SemVer' scheme."
category = "main"
optional = false
python-versions = ">=2.7"
files = [
    {file = "semantic_version-2.10.0-py2.py3-none-any.whl", hash = "sha256:de78a3b8e0feda74cabc54aab2da702113e33ac9d9eb9d2389bcf1f58b7d9177"},
    {file = "semantic_version-2.10.0.tar.gz", hash = "sha256:bdabb6d336998cbb378d4b9db3a4b56a1e3235701dc05ea2690d9a997ed5041c"},
]

[package.extras]
dev = ["Django (>=1.11)", "check-manifest", "colorama (<=0.4.1)", "coverage", "flake8", "nose2", "readme-renderer (<25.0)", "tox", "wheel", "zest.releaser[recommended]"]
doc = ["Sphinx", "sphinx-rtd-theme"]

[[package]]
name = "toml"
version = "0.10.2"
description = "Python Library for Tom's Obvious, Minimal Language"
category = "main"
optional = false
python-versions = ">=2.6, !=3.0.*, !=3.1.*, !=3.2.*"
files = [
    {file = "toml-0.10.2-py2.py3-none-any.whl", hash = "sha256:806143ae5bfb6a3c6e736a764057db0e6a0e05e338b5630894a5f779cabb4f9b"},
    {file = "toml-0.10.2.tar.gz", hash = "sha256:b3bda1d108d5dd99f4a20d24d9c348e91c4db7ab1b749200bded2f839ccbe68f"},
]

[[package]]
name = "urllib3"
version = "1.26.15"
description = "HTTP library with thread-safe connection pooling, file post, and more."
category = "main"
optional = false
python-versions = ">=2.7, !=3.0.*, !=3.1.*, !=3.2.*, !=3.3.*, !=3.4.*, !=3.5.*"
files = [
    {file = "urllib3-1.26.15-py2.py3-none-any.whl", hash = "sha256:aa751d169e23c7479ce47a0cb0da579e3ede798f994f5816a74e4f4500dcea42"},
    {file = "urllib3-1.26.15.tar.gz", hash = "sha256:8a388717b9476f934a21484e8c8e61875ab60644d29b9b39e11e4b9dc1c6b305"},
]

[package.extras]
brotli = ["brotli (>=1.0.9)", "brotlicffi (>=0.8.0)", "brotlipy (>=0.6.0)"]
secure = ["certifi", "cryptography (>=1.3.4)", "idna (>=2.0.0)", "ipaddress", "pyOpenSSL (>=0.14)", "urllib3-secure-extra"]
socks = ["PySocks (>=1.5.6,!=1.5.7,<2.0)"]

[metadata]
lock-version = "2.0"
python-versions = "^3.10"
content-hash = "1a29ff0967f2d4f5a18908b66a4c9601fcfcf72a895200bc1c47aa1e2cfea31f"
